
Microsoft Visual Studio Solution File, Format Version 12.00
# Visual Studio Version 16
VisualStudioVersion = 16.0.30611.23
MinimumVisualStudioVersion = 10.0.40219.1
Project("{FAE04EC0-301F-11D3-BF4B-00C04F79EFBC}") = "FileJoiner", "FileJoiner\FileJoiner.csproj", "{D5D7E45E-F226-44AD-865B-E3F42AD87E7D}"
EndProject
Global
	GlobalSection(SolutionConfigurationPlatforms) = preSolution
		Debug|Any CPU = Debug|Any CPU
		Release|Any CPU = Release|Any CPU
	EndGlobalSection
	GlobalSection(ProjectConfigurationPlatforms) = postSolution
		{D5D7E45E-F226-44AD-865B-E3F42AD87E7D}.Debug|Any CPU.ActiveCfg = Debug|Any CPU
		{D5D7E45E-F226-44AD-865B-E3F42AD87E7D}.Debug|Any CPU.Build.0 = Debug|Any CPU
		{D5D7E45E-F226-44AD-865B-E3F42AD87E7D}.Release|Any CPU.ActiveCfg = Release|Any CPU
		{D5D7E45E-F226-44AD-865B-E3F42AD87E7D}.Release|Any CPU.Build.0 = Release|Any CPU
	EndGlobalSection
	GlobalSection(SolutionProperties) = preSolution
		HideSolutionNode = FALSE
	EndGlobalSection
	GlobalSection(ExtensibilityGlobals) = postSolution
		SolutionGuid = {5A769F77-3AAE-4776-87C3-F8431149DC8C}
	EndGlobalSection
EndGlobal
