
Microsoft Visual Studio Solution File, Format Version 12.00
# Visual Studio Version 16
VisualStudioVersion = 16.0.30611.23
MinimumVisualStudioVersion = 10.0.40219.1
Project("{FAE04EC0-301F-11D3-BF4B-00C04F79EFBC}") = "FileJoiner", "FileJoiner\FileJoiner.csproj", "{4CBEA050-68EA-46D0-BF58-9427D562F0F2}"
EndProject
Global
	GlobalSection(SolutionConfigurationPlatforms) = preSolution
		Debug|Any CPU = Debug|Any CPU
		Release|Any CPU = Release|Any CPU
	EndGlobalSection
	GlobalSection(ProjectConfigurationPlatforms) = postSolution
		{4CBEA050-68EA-46D0-BF58-9427D562F0F2}.Debug|Any CPU.ActiveCfg = Debug|Any CPU
		{4CBEA050-68EA-46D0-BF58-9427D562F0F2}.Debug|Any CPU.Build.0 = Debug|Any CPU
		{4CBEA050-68EA-46D0-BF58-9427D562F0F2}.Release|Any CPU.ActiveCfg = Release|Any CPU
		{4CBEA050-68EA-46D0-BF58-9427D562F0F2}.Release|Any CPU.Build.0 = Release|Any CPU
	EndGlobalSection
	GlobalSection(SolutionProperties) = preSolution
		HideSolutionNode = FALSE
	EndGlobalSection
	GlobalSection(ExtensibilityGlobals) = postSolution
		SolutionGuid = {E8EB34FD-DA3F-4F2D-8B45-BD49DAED334D}
	EndGlobalSection
EndGlobal
